
Microsoft Visual Studio Solution File, Format Version 12.00
# Visual Studio Version 16
VisualStudioVersion = 16.0.33423.256
MinimumVisualStudioVersion = 10.0.40219.1
Project("{9A19103F-16F7-4668-BE54-9A1E7A4F7556}") = "DASHBOARD_OPERATOR", "DASHBOARD_OPERATOR.csproj", "{A8CEFE79-965D-4E97-B339-63FC9025ECD5}"
EndProject
Global
	GlobalSection(SolutionConfigurationPlatforms) = preSolution
		Debug|Any CPU = Debug|Any CPU
		Release|Any CPU = Release|Any CPU
	EndGlobalSection
	GlobalSection(ProjectConfigurationPlatforms) = postSolution
		{A8CEFE79-965D-4E97-B339-63FC9025ECD5}.Debug|Any CPU.ActiveCfg = Debug|Any CPU
		{A8CEFE79-965D-4E97-B339-63FC9025ECD5}.Debug|Any CPU.Build.0 = Debug|Any CPU
		{A8CEFE79-965D-4E97-B339-63FC9025ECD5}.Release|Any CPU.ActiveCfg = Release|Any CPU
		{A8CEFE79-965D-4E97-B339-63FC9025ECD5}.Release|Any CPU.Build.0 = Release|Any CPU
	EndGlobalSection
	GlobalSection(SolutionProperties) = preSolution
		HideSolutionNode = FALSE
	EndGlobalSection
	GlobalSection(ExtensibilityGlobals) = postSolution
		SolutionGuid = {4D21E80D-7B44-43AE-973A-9E1767F63245}
	EndGlobalSection
EndGlobal
